// !$*UTF8*$!
{
	archiveVersion = 1;
	classes = {
	};
	objectVersion = 46;
	objects = {

/* Begin PBXBuildFile section */
		442639F41C84739200089A1B /* main.m in Sources */ = {isa = PBXBuildFile; fileRef = 442639F31C84739200089A1B /* main.m */; };
		442639F71C84739200089A1B /* AppDelegate.m in Sources */ = {isa = PBXBuildFile; fileRef = 442639F61C84739200089A1B /* AppDelegate.m */; };
		442639FA1C84739200089A1B /* ViewController.m in Sources */ = {isa = PBXBuildFile; fileRef = 442639F91C84739200089A1B /* ViewController.m */; };
		442639FD1C84739200089A1B /* Main.storyboard in Resources */ = {isa = PBXBuildFile; fileRef = 442639FB1C84739200089A1B /* Main.storyboard */; };
		442639FF1C84739200089A1B /* Assets.xcassets in Resources */ = {isa = PBXBuildFile; fileRef = 442639FE1C84739200089A1B /* Assets.xcassets */; };
		44263A021C84739200089A1B /* LaunchScreen.storyboard in Resources */ = {isa = PBXBuildFile; fileRef = 44263A001C84739200089A1B /* LaunchScreen.storyboard */; };
/* End PBXBuildFile section */

/* Begin PBXFileReference section */
		442639EF1C84739200089A1B /* Nameless.app */ = {isa = PBXFileReference; explicitFileType = wrapper.application; includeInIndex = 0; path = Nameless.app; sourceTree = BUILT_PRODUCTS_DIR; };
		442639F31C84739200089A1B /* main.m */ = {isa = PBXFileReference; lastKnownFileType = sourcecode.c.objc; path = main.m; sourceTree = "<group>"; };
		442639F51C84739200089A1B /* AppDelegate.h */ = {isa = PBXFileReference; lastKnownFileType = sourcecode.c.h; path = AppDelegate.h; sourceTree = "<group>"; };
		442639F61C84739200089A1B /* AppDelegate.m */ = {isa = PBXFileReference; lastKnownFileType = sourcecode.c.objc; path = AppDelegate.m; sourceTree = "<group>"; };
		442639F81C84739200089A1B /* ViewController.h */ = {isa = PBXFileReference; lastKnownFileType = sourcecode.c.h; path = ViewController.h; sourceTree = "<group>"; };
		442639F91C84739200089A1B /* ViewController.m */ = {isa = PBXFileReference; lastKnownFileType = sourcecode.c.objc; path = ViewController.m; sourceTree = "<group>"; };
		442639FC1C84739200089A1B /* Base */ = {isa = PBXFileReference; lastKnownFileType = file.storyboard; name = Base; path = Base.lproj/Main.storyboard; sourceTree = "<group>"; };
		442639FE1C84739200089A1B /* Assets.xcassets */ = {isa = PBXFileReference; lastKnownFileType = folder.assetcatalog; path = Assets.xcassets; sourceTree = "<group>"; };
		44263A011C84739200089A1B /* Base */ = {isa = PBXFileReference; lastKnownFileType = file.storyboard; name = Base; path = Base.lproj/LaunchScreen.storyboard; sourceTree = "<group>"; };
		44263A031C84739200089A1B /* Info.plist */ = {isa = PBXFileReference; lastKnownFileType = text.plist.xml; path = Info.plist; sourceTree = "<group>"; };
/* End PBXFileReference section */

/* Begin PBXFrameworksBuildPhase section */
		442639EC1C84739200089A1B /* Frameworks */ = {
			isa = PBXFrameworksBuildPhase;
			buildActionMask = 2147483647;
			files = (
			);
			runOnlyForDeploymentPostprocessing = 0;
		};
/* End PBXFrameworksBuildPhase section */

/* Begin PBXGroup section */
		442639E61C84739200089A1B = {
			isa = PBXGroup;
			children = (
				442639F11C84739200089A1B /* Nameless */,
				442639F01C84739200089A1B /* Products */,
			);
			sourceTree = "<group>";
		};
		442639F01C84739200089A1B /* Products */ = {
			isa = PBXGroup;
			children = (
				442639EF1C84739200089A1B /* Nameless.app */,
			);
			name = Products;
			sourceTree = "<group>";
		};
		442639F11C84739200089A1B /* Nameless */ = {
			isa = PBXGroup;
			children = (
				44263A091C8473A200089A1B /* App */,
				442639F21C84739200089A1B /* Supporting Files */,
			);
			path = Nameless;
			sourceTree = "<group>";
		};
		442639F21C84739200089A1B /* Supporting Files */ = {
			isa = PBXGroup;
			children = (
				442639F31C84739200089A1B /* main.m */,
			);
			name = "Supporting Files";
			sourceTree = "<group>";
		};
		44263A091C8473A200089A1B /* App */ = {
			isa = PBXGroup;
			children = (
				442639F51C84739200089A1B /* AppDelegate.h */,
				442639F61C84739200089A1B /* AppDelegate.m */,
				442639F81C84739200089A1B /* ViewController.h */,
				442639F91C84739200089A1B /* ViewController.m */,
				442639FB1C84739200089A1B /* Main.storyboard */,
				442639FE1C84739200089A1B /* Assets.xcassets */,
				44263A001C84739200089A1B /* LaunchScreen.storyboard */,
				44263A031C84739200089A1B /* Info.plist */,
			);
			name = App;
			sourceTree = "<group>";
		};
/* End PBXGroup section */

/* Begin PBXNativeTarget section */
		442639EE1C84739200089A1B /* Nameless */ = {
			isa = PBXNativeTarget;
			buildConfigurationList = 44263A061C84739200089A1B /* Build configuration list for PBXNativeTarget "Nameless" */;
			buildPhases = (
				442639EB1C84739200089A1B /* Sources */,
				442639EC1C84739200089A1B /* Frameworks */,
				442639ED1C84739200089A1B /* Resources */,
			);
			buildRules = (
			);
			dependencies = (
			);
			name = Nameless;
			productName = Nameless;
			productReference = 442639EF1C84739200089A1B /* Nameless.app */;
			productType = "com.apple.product-type.application";
		};
/* End PBXNativeTarget section */

/* Begin PBXProject section */
		442639E71C84739200089A1B /* Project object */ = {
			isa = PBXProject;
			attributes = {
				LastUpgradeCheck = 0720;
				ORGANIZATIONNAME = Braum;
				TargetAttributes = {
					442639EE1C84739200089A1B = {
						CreatedOnToolsVersion = 7.2;
					};
				};
			};
			buildConfigurationList = 442639EA1C84739200089A1B /* Build configuration list for PBXProject "Nameless" */;
			compatibilityVersion = "Xcode 3.2";
			developmentRegion = English;
			hasScannedForEncodings = 0;
			knownRegions = (
				en,
				Base,
			);
			mainGroup = 442639E61C84739200089A1B;
			productRefGroup = 442639F01C84739200089A1B /* Products */;
			projectDirPath = "";
			projectRoot = "";
			targets = (
				442639EE1C84739200089A1B /* Nameless */,
			);
		};
/* End PBXProject section */

/* Begin PBXResourcesBuildPhase section */
		442639ED1C84739200089A1B /* Resources */ = {
			isa = PBXResourcesBuildPhase;
			buildActionMask = 2147483647;
			files = (
				44263A021C84739200089A1B /* LaunchScreen.storyboard in Resources */,
				442639FF1C84739200089A1B /* Assets.xcassets in Resources */,
				442639FD1C84739200089A1B /* Main.storyboard in Resources */,
			);
			runOnlyForDeploymentPostprocessing = 0;
		};
/* End PBXResourcesBuildPhase section */

/* Begin PBXSourcesBuildPhase section */
		442639EB1C84739200089A1B /* Sources */ = {
			isa = PBXSourcesBuildPhase;
			buildActionMask = 2147483647;
			files = (
				442639FA1C84739200089A1B /* ViewController.m in Sources */,
				442639F71C84739200089A1B /* AppDelegate.m in Sources */,
				442639F41C84739200089A1B /* main.m in Sources */,
			);
			runOnlyForDeploymentPostprocessing = 0;
		};
/* End PBXSourcesBuildPhase section */

/* Begin PBXVariantGroup section */
		442639FB1C84739200089A1B /* Main.storyboard */ = {
			isa = PBXVariantGroup;
			children = (
				442639FC1C84739200089A1B /* Base */,
			);
			name = Main.storyboard;
			sourceTree = "<group>";
		};
		44263A001C84739200089A1B /* LaunchScreen.storyboard */ = {
			isa = PBXVariantGroup;
			children = (
				44263A011C84739200089A1B /* Base */,
			);
			name = LaunchScreen.storyboard;
			sourceTree = "<group>";
		};
/* End PBXVariantGroup section */

/* Begin XCBuildConfiguration section */
		44263A041C84739200089A1B /* Debug */ = {
			isa = XCBuildConfiguration;
			buildSettings = {
				ALWAYS_SEARCH_USER_PATHS = NO;
				CLANG_CXX_LANGUAGE_STANDARD = "gnu++0x";
				CLANG_CXX_LIBRARY = "libc++";
				CLANG_ENABLE_MODULES = YES;
				CLANG_ENABLE_OBJC_ARC = YES;
				CLANG_WARN_BOOL_CONVERSION = YES;
				CLANG_WARN_CONSTANT_CONVERSION = YES;
				CLANG_WARN_DIRECT_OBJC_ISA_USAGE = YES_ERROR;
				CLANG_WARN_EMPTY_BODY = YES;
				CLANG_WARN_ENUM_CONVERSION = YES;
				CLANG_WARN_INT_CONVERSION = YES;
				CLANG_WARN_OBJC_ROOT_CLASS = YES_ERROR;
				CLANG_WARN_UNREACHABLE_CODE = YES;
				CLANG_WARN__DUPLICATE_METHOD_MATCH = YES;
				"CODE_SIGN_IDENTITY[sdk=iphoneos*]" = "iPhone Developer";
				COPY_PHASE_STRIP = NO;
				DEBUG_INFORMATION_FORMAT = dwarf;
				ENABLE_STRICT_OBJC_MSGSEND = YES;
				ENABLE_TESTABILITY = YES;
				GCC_C_LANGUAGE_STANDARD = gnu99;
				GCC_DYNAMIC_NO_PIC = NO;
				GCC_NO_COMMON_BLOCKS = YES;
				GCC_OPTIMIZATION_LEVEL = 0;
				GCC_PREPROCESSOR_DEFINITIONS = (
					"DEBUG=1",
					"$(inherited)",
				);
				GCC_WARN_64_TO_32_BIT_CONVERSION = YES;
				GCC_WARN_ABOUT_RETURN_TYPE = YES_ERROR;
				GCC_WARN_UNDECLARED_SELECTOR = YES;
				GCC_WARN_UNINITIALIZED_AUTOS = YES_AGGRESSIVE;
				GCC_WARN_UNUSED_FUNCTION = YES;
				GCC_WARN_UNUSED_VARIABLE = YES;
				IPHONEOS_DEPLOYMENT_TARGET = 9.2;
				MTL_ENABLE_DEBUG_INFO = YES;
				ONLY_ACTIVE_ARCH = YES;
				SDKROOT = iphoneos;
			};
			name = Debug;
		};
		44263A051C84739200089A1B /* Release */ = {
			isa = XCBuildConfiguration;
			buildSettings = {
				ALWAYS_SEARCH_USER_PATHS = NO;
				CLANG_CXX_LANGUAGE_STANDARD = "gnu++0x";
				CLANG_CXX_LIBRARY = "libc++";
				CLANG_ENABLE_MODULES = YES;
				CLANG_ENABLE_OBJC_ARC = YES;
				CLANG_WARN_BOOL_CONVERSION = YES;
				CLANG_WARN_CONSTANT_CONVERSION = YES;
				CLANG_WARN_DIRECT_OBJC_ISA_USAGE = YES_ERROR;
				CLANG_WARN_EMPTY_BODY = YES;
				CLANG_WARN_ENUM_CONVERSION = YES;
				CLANG_WARN_INT_CONVERSION = YES;
				CLANG_WARN_OBJC_ROOT_CLASS = YES_ERROR;
				CLANG_WARN_UNREACHABLE_CODE = YES;
				CLANG_WARN__DUPLICATE_METHOD_MATCH = YES;
				"CODE_SIGN_IDENTITY[sdk=iphoneos*]" = "iPhone Developer";
				COPY_PHASE_STRIP = NO;
				DEBUG_INFORMATION_FORMAT = "dwarf-with-dsym";
				ENABLE_NS_ASSERTIONS = NO;
				ENABLE_STRICT_OBJC_MSGSEND = YES;
				GCC_C_LANGUAGE_STANDARD = gnu99;
				GCC_NO_COMMON_BLOCKS = YES;
				GCC_WARN_64_TO_32_BIT_CONVERSION = YES;
				GCC_WARN_ABOUT_RETURN_TYPE = YES_ERROR;
				GCC_WARN_UNDECLARED_SELECTOR = YES;
				GCC_WARN_UNINITIALIZED_AUTOS = YES_AGGRESSIVE;
				GCC_WARN_UNUSED_FUNCTION = YES;
				GCC_WARN_UNUSED_VARIABLE = YES;
				IPHONEOS_DEPLOYMENT_TARGET = 9.2;
				MTL_ENABLE_DEBUG_INFO = NO;
				SDKROOT = iphoneos;
				VALIDATE_PRODUCT = YES;
			};
			name = Release;
		};
		44263A071C84739200089A1B /* Debug */ = {
			isa = XCBuildConfiguration;
			buildSettings = {
				ASSETCATALOG_COMPILER_APPICON_NAME = AppIcon;
				INFOPLIST_FILE = Nameless/Info.plist;
				LD_RUNPATH_SEARCH_PATHS = "$(inherited) @executable_path/Frameworks";
				PRODUCT_BUNDLE_IDENTIFIER = ml.braum.Nameless;
				PRODUCT_NAME = "$(TARGET_NAME)";
			};
			name = Debug;
		};
		44263A081C84739200089A1B /* Release */ = {
			isa = XCBuildConfiguration;
			buildSettings = {
				ASSETCATALOG_COMPILER_APPICON_NAME = AppIcon;
				INFOPLIST_FILE = Nameless/Info.plist;
				LD_RUNPATH_SEARCH_PATHS = "$(inherited) @executable_path/Frameworks";
				PRODUCT_BUNDLE_IDENTIFIER = ml.braum.Nameless;
				PRODUCT_NAME = "$(TARGET_NAME)";
			};
			name = Release;
		};
/* End XCBuildConfiguration section */

/* Begin XCConfigurationList section */
		442639EA1C84739200089A1B /* Build configuration list for PBXProject "Nameless" */ = {
			isa = XCConfigurationList;
			buildConfigurations = (
				44263A041C84739200089A1B /* Debug */,
				44263A051C84739200089A1B /* Release */,
			);
			defaultConfigurationIsVisible = 0;
			defaultConfigurationName = Release;
		};
		44263A061C84739200089A1B /* Build configuration list for PBXNativeTarget "Nameless" */ = {
			isa = XCConfigurationList;
			buildConfigurations = (
				44263A071C84739200089A1B /* Debug */,
				44263A081C84739200089A1B /* Release */,
			);
			defaultConfigurationIsVisible = 0;
		};
/* End XCConfigurationList section */
	};
	rootObject = 442639E71C84739200089A1B /* Project object */;
}
